
Microsoft Visual Studio Solution File, Format Version 12.00
# Visual Studio 15
VisualStudioVersion = 15.0.28307.645
MinimumVisualStudioVersion = 10.0.40219.1
Project("{FAE04EC0-301F-11D3-BF4B-00C04F79EFBC}") = "поток_Пример_ProDave", "поток_Пример_ProDave\поток_Пример_ProDave.csproj", "{07BD2820-E3EE-4317-BAB6-56DECC0C3120}"
EndProject
Global
	GlobalSection(SolutionConfigurationPlatforms) = preSolution
		Debug|Any CPU = Debug|Any CPU
		Release|Any CPU = Release|Any CPU
	EndGlobalSection
	GlobalSection(ProjectConfigurationPlatforms) = postSolution
		{07BD2820-E3EE-4317-BAB6-56DECC0C3120}.Debug|Any CPU.ActiveCfg = Debug|Any CPU
		{07BD2820-E3EE-4317-BAB6-56DECC0C3120}.Debug|Any CPU.Build.0 = Debug|Any CPU
		{07BD2820-E3EE-4317-BAB6-56DECC0C3120}.Release|Any CPU.ActiveCfg = Release|Any CPU
		{07BD2820-E3EE-4317-BAB6-56DECC0C3120}.Release|Any CPU.Build.0 = Release|Any CPU
	EndGlobalSection
	GlobalSection(SolutionProperties) = preSolution
		HideSolutionNode = FALSE
	EndGlobalSection
	GlobalSection(ExtensibilityGlobals) = postSolution
		SolutionGuid = {D59DCCB9-756F-472C-9882-2DB9E17CAC5A}
	EndGlobalSection
EndGlobal
